
Microsoft Visual Studio Solution File, Format Version 12.00
# Visual Studio Version 16
VisualStudioVersion = 16.0.30804.86
MinimumVisualStudioVersion = 10.0.40219.1
Project("{FAE04EC0-301F-11D3-BF4B-00C04F79EFBC}") = "github_docker_auto_deploy_test", "github_docker_auto_deploy_test\github_docker_auto_deploy_test.csproj", "{09EF6A7B-D577-4BED-BAA2-ADDA3F1C40ED}"
EndProject
Project("{FAE04EC0-301F-11D3-BF4B-00C04F79EFBC}") = "github_docker_auto_deploy_test_TestProject", "github_docker_auto_deploy_test_TestProject\github_docker_auto_deploy_test_TestProject.csproj", "{854FEF33-FAC5-452E-BEB4-802B2825AD72}"
EndProject
Global
	GlobalSection(SolutionConfigurationPlatforms) = preSolution
		Debug|Any CPU = Debug|Any CPU
		Release|Any CPU = Release|Any CPU
	EndGlobalSection
	GlobalSection(ProjectConfigurationPlatforms) = postSolution
		{09EF6A7B-D577-4BED-BAA2-ADDA3F1C40ED}.Debug|Any CPU.ActiveCfg = Debug|Any CPU
		{09EF6A7B-D577-4BED-BAA2-ADDA3F1C40ED}.Debug|Any CPU.Build.0 = Debug|Any CPU
		{09EF6A7B-D577-4BED-BAA2-ADDA3F1C40ED}.Release|Any CPU.ActiveCfg = Release|Any CPU
		{09EF6A7B-D577-4BED-BAA2-ADDA3F1C40ED}.Release|Any CPU.Build.0 = Release|Any CPU
		{854FEF33-FAC5-452E-BEB4-802B2825AD72}.Debug|Any CPU.ActiveCfg = Debug|Any CPU
		{854FEF33-FAC5-452E-BEB4-802B2825AD72}.Debug|Any CPU.Build.0 = Debug|Any CPU
		{854FEF33-FAC5-452E-BEB4-802B2825AD72}.Release|Any CPU.ActiveCfg = Release|Any CPU
		{854FEF33-FAC5-452E-BEB4-802B2825AD72}.Release|Any CPU.Build.0 = Release|Any CPU
	EndGlobalSection
	GlobalSection(SolutionProperties) = preSolution
		HideSolutionNode = FALSE
	EndGlobalSection
	GlobalSection(ExtensibilityGlobals) = postSolution
		SolutionGuid = {578EB83B-4CC3-4DC9-A28C-AD36B2FA7378}
	EndGlobalSection
EndGlobal
